
Microsoft Visual Studio Solution File, Format Version 12.00
# Visual Studio Version 16
VisualStudioVersion = 16.0.30523.141
MinimumVisualStudioVersion = 10.0.40219.1
Project("{FAE04EC0-301F-11D3-BF4B-00C04F79EFBC}") = "adb2tgz", "adb2tgz.csproj", "{60BAFF0C-D983-4F68-9593-3CEC58D18DCC}"
EndProject
Global
	GlobalSection(SolutionConfigurationPlatforms) = preSolution
		Debug|Any CPU = Debug|Any CPU
		Release|Any CPU = Release|Any CPU
	EndGlobalSection
	GlobalSection(ProjectConfigurationPlatforms) = postSolution
		{60BAFF0C-D983-4F68-9593-3CEC58D18DCC}.Debug|Any CPU.ActiveCfg = Debug|Any CPU
		{60BAFF0C-D983-4F68-9593-3CEC58D18DCC}.Debug|Any CPU.Build.0 = Debug|Any CPU
		{60BAFF0C-D983-4F68-9593-3CEC58D18DCC}.Release|Any CPU.ActiveCfg = Release|Any CPU
		{60BAFF0C-D983-4F68-9593-3CEC58D18DCC}.Release|Any CPU.Build.0 = Release|Any CPU
	EndGlobalSection
	GlobalSection(SolutionProperties) = preSolution
		HideSolutionNode = FALSE
	EndGlobalSection
	GlobalSection(ExtensibilityGlobals) = postSolution
		SolutionGuid = {FA8907BD-5A91-45B5-A80F-E57D9D09E599}
	EndGlobalSection
EndGlobal
